// !$*UTF8*$!
{
	archiveVersion = 1;
	classes = {
	};
	objectVersion = 46;
	objects = {

/* Begin PBXBuildFile section */
		BE325F351DB50BE100F199A8 /* main.cpp in Sources */ = {isa = PBXBuildFile; fileRef = BE325F341DB50BE100F199A8 /* main.cpp */; };
		BE325F4D1DB50BFE00F199A8 /* classification.cpp in Sources */ = {isa = PBXBuildFile; fileRef = BE325F3D1DB50BFE00F199A8 /* classification.cpp */; };
		BE325F4E1DB50BFE00F199A8 /* knnClassification.cpp in Sources */ = {isa = PBXBuildFile; fileRef = BE325F401DB50BFE00F199A8 /* knnClassification.cpp */; };
		BE325F4F1DB50BFE00F199A8 /* modelSet.cpp in Sources */ = {isa = PBXBuildFile; fileRef = BE325F431DB50BFE00F199A8 /* modelSet.cpp */; };
		BE325F511DB50BFE00F199A8 /* regression.cpp in Sources */ = {isa = PBXBuildFile; fileRef = BE325F4A1DB50BFE00F199A8 /* regression.cpp */; };
		BE3852881EE847730008E1BD /* dtw.cpp in Sources */ = {isa = PBXBuildFile; fileRef = BE3852871EE847730008E1BD /* dtw.cpp */; };
		BE38528B1EE94D740008E1BD /* seriesClassification.cpp in Sources */ = {isa = PBXBuildFile; fileRef = BE3852891EE94D740008E1BD /* seriesClassification.cpp */; };
		BE3C12711FC85425009446A8 /* BayesianFilter.cpp in Sources */ = {isa = PBXBuildFile; fileRef = BE3C126D1FC85425009446A8 /* BayesianFilter.cpp */; };
		BE3C12721FC85425009446A8 /* filter_utilities.cpp in Sources */ = {isa = PBXBuildFile; fileRef = BE3C126F1FC85425009446A8 /* filter_utilities.cpp */; };
		BE553E2F1EE05FE1004EB00F /* svmClassification.cpp in Sources */ = {isa = PBXBuildFile; fileRef = BE553E2E1EE05FE1004EB00F /* svmClassification.cpp */; };
		BE59A4521F1698E500B26E85 /* jsoncpp.cpp in Sources */ = {isa = PBXBuildFile; fileRef = BE59A44E1F1698E500B26E85 /* jsoncpp.cpp */; };
		BE59A4531F1698E500B26E85 /* libsvm.cpp in Sources */ = {isa = PBXBuildFile; fileRef = BE59A4501F1698E500B26E85 /* libsvm.cpp */; };
		BE6783221F6A9B9A005E73D0 /* searchWindow.cpp in Sources */ = {isa = PBXBuildFile; fileRef = BE6783211F6A9B9A005E73D0 /* searchWindow.cpp */; };
		BE6783241F6FFA5C005E73D0 /* warpPath.cpp in Sources */ = {isa = PBXBuildFile; fileRef = BE6783231F6FFA5C005E73D0 /* warpPath.cpp */; };
		BE720AF11F615C0E00675FCA /* fastDTW.cpp in Sources */ = {isa = PBXBuildFile; fileRef = BE720AEF1F615C0E00675FCA /* fastDTW.cpp */; };
		BE92865D1EF40BBD006847CF /* rapidStream.cpp in Sources */ = {isa = PBXBuildFile; fileRef = BE92865C1EF40BBD006847CF /* rapidStream.cpp */; };
		BEF47B181F790BC7005B0C35 /* neuralNetwork.cpp in Sources */ = {isa = PBXBuildFile; fileRef = BE325F461DB50BFE00F199A8 /* neuralNetwork.cpp */; };
/* End PBXBuildFile section */

/* Begin PBXCopyFilesBuildPhase section */
		BE325F2F1DB50BE100F199A8 /* CopyFiles */ = {
			isa = PBXCopyFilesBuildPhase;
			buildActionMask = 2147483647;
			dstPath = /usr/share/man/man1/;
			dstSubfolderSpec = 0;
			files = (
			);
			runOnlyForDeploymentPostprocessing = 1;
		};
/* End PBXCopyFilesBuildPhase section */

/* Begin PBXFileReference section */
		BE325F311DB50BE100F199A8 /* RapidAPI */ = {isa = PBXFileReference; explicitFileType = "compiled.mach-o.executable"; includeInIndex = 0; path = RapidAPI; sourceTree = BUILT_PRODUCTS_DIR; };
		BE325F341DB50BE100F199A8 /* main.cpp */ = {isa = PBXFileReference; lastKnownFileType = sourcecode.cpp.cpp; path = main.cpp; sourceTree = "<group>"; };
		BE325F3C1DB50BFE00F199A8 /* baseModel.h */ = {isa = PBXFileReference; fileEncoding = 4; lastKnownFileType = sourcecode.c.h; path = baseModel.h; sourceTree = "<group>"; };
		BE325F3D1DB50BFE00F199A8 /* classification.cpp */ = {isa = PBXFileReference; fileEncoding = 4; lastKnownFileType = sourcecode.cpp.cpp; path = classification.cpp; sourceTree = "<group>"; };
		BE325F3E1DB50BFE00F199A8 /* classification.h */ = {isa = PBXFileReference; fileEncoding = 4; lastKnownFileType = sourcecode.c.h; path = classification.h; sourceTree = "<group>"; };
		BE325F401DB50BFE00F199A8 /* knnClassification.cpp */ = {isa = PBXFileReference; fileEncoding = 4; lastKnownFileType = sourcecode.cpp.cpp; path = knnClassification.cpp; sourceTree = "<group>"; };
		BE325F411DB50BFE00F199A8 /* knnClassification.h */ = {isa = PBXFileReference; fileEncoding = 4; lastKnownFileType = sourcecode.c.h; path = knnClassification.h; sourceTree = "<group>"; };
		BE325F431DB50BFE00F199A8 /* modelSet.cpp */ = {isa = PBXFileReference; fileEncoding = 4; lastKnownFileType = sourcecode.cpp.cpp; path = modelSet.cpp; sourceTree = "<group>"; };
		BE325F441DB50BFE00F199A8 /* modelSet.h */ = {isa = PBXFileReference; fileEncoding = 4; lastKnownFileType = sourcecode.c.h; path = modelSet.h; sourceTree = "<group>"; };
		BE325F461DB50BFE00F199A8 /* neuralNetwork.cpp */ = {isa = PBXFileReference; fileEncoding = 4; lastKnownFileType = sourcecode.cpp.cpp; path = neuralNetwork.cpp; sourceTree = "<group>"; };
		BE325F471DB50BFE00F199A8 /* neuralNetwork.h */ = {isa = PBXFileReference; fileEncoding = 4; lastKnownFileType = sourcecode.c.h; path = neuralNetwork.h; sourceTree = "<group>"; };
		BE325F4A1DB50BFE00F199A8 /* regression.cpp */ = {isa = PBXFileReference; fileEncoding = 4; lastKnownFileType = sourcecode.cpp.cpp; path = regression.cpp; sourceTree = "<group>"; };
		BE325F4B1DB50BFE00F199A8 /* regression.h */ = {isa = PBXFileReference; fileEncoding = 4; lastKnownFileType = sourcecode.c.h; path = regression.h; sourceTree = "<group>"; };
		BE3852861EE8415E0008E1BD /* dtw.h */ = {isa = PBXFileReference; lastKnownFileType = sourcecode.c.h; path = dtw.h; sourceTree = "<group>"; };
		BE3852871EE847730008E1BD /* dtw.cpp */ = {isa = PBXFileReference; fileEncoding = 4; lastKnownFileType = sourcecode.cpp.cpp; path = dtw.cpp; sourceTree = "<group>"; };
		BE3852891EE94D740008E1BD /* seriesClassification.cpp */ = {isa = PBXFileReference; fileEncoding = 4; lastKnownFileType = sourcecode.cpp.cpp; path = seriesClassification.cpp; sourceTree = "<group>"; };
		BE38528A1EE94D740008E1BD /* seriesClassification.h */ = {isa = PBXFileReference; fileEncoding = 4; lastKnownFileType = sourcecode.c.h; path = seriesClassification.h; sourceTree = "<group>"; };
		BE3C126D1FC85425009446A8 /* BayesianFilter.cpp */ = {isa = PBXFileReference; fileEncoding = 4; lastKnownFileType = sourcecode.cpp.cpp; path = BayesianFilter.cpp; sourceTree = "<group>"; };
		BE3C126E1FC85425009446A8 /* BayesianFilter.h */ = {isa = PBXFileReference; fileEncoding = 4; lastKnownFileType = sourcecode.c.h; path = BayesianFilter.h; sourceTree = "<group>"; };
		BE3C126F1FC85425009446A8 /* filter_utilities.cpp */ = {isa = PBXFileReference; fileEncoding = 4; lastKnownFileType = sourcecode.cpp.cpp; path = filter_utilities.cpp; sourceTree = "<group>"; };
		BE3C12701FC85425009446A8 /* filter_utilities.h */ = {isa = PBXFileReference; fileEncoding = 4; lastKnownFileType = sourcecode.c.h; path = filter_utilities.h; sourceTree = "<group>"; };
		BE553E2D1EE05F03004EB00F /* svmClassification.h */ = {isa = PBXFileReference; fileEncoding = 4; lastKnownFileType = sourcecode.c.h; path = svmClassification.h; sourceTree = "<group>"; };
		BE553E2E1EE05FE1004EB00F /* svmClassification.cpp */ = {isa = PBXFileReference; fileEncoding = 4; lastKnownFileType = sourcecode.cpp.cpp; path = svmClassification.cpp; sourceTree = "<group>"; };
		BE553E301EE06AB0004EB00F /* trainingExample.h */ = {isa = PBXFileReference; fileEncoding = 4; lastKnownFileType = sourcecode.c.h; path = trainingExample.h; sourceTree = "<group>"; };
		BE59A44C1F1698E500B26E85 /* json-forwards.h */ = {isa = PBXFileReference; fileEncoding = 4; lastKnownFileType = sourcecode.c.h; path = "json-forwards.h"; sourceTree = "<group>"; };
		BE59A44D1F1698E500B26E85 /* json.h */ = {isa = PBXFileReference; fileEncoding = 4; lastKnownFileType = sourcecode.c.h; path = json.h; sourceTree = "<group>"; };
		BE59A44E1F1698E500B26E85 /* jsoncpp.cpp */ = {isa = PBXFileReference; fileEncoding = 4; lastKnownFileType = sourcecode.cpp.cpp; path = jsoncpp.cpp; sourceTree = "<group>"; };
		BE59A4501F1698E500B26E85 /* libsvm.cpp */ = {isa = PBXFileReference; fileEncoding = 4; lastKnownFileType = sourcecode.cpp.cpp; path = libsvm.cpp; sourceTree = "<group>"; };
		BE59A4511F1698E500B26E85 /* libsvm.h */ = {isa = PBXFileReference; fileEncoding = 4; lastKnownFileType = sourcecode.c.h; path = libsvm.h; sourceTree = "<group>"; };
		BE67831F1F69672C005E73D0 /* warpPath.h */ = {isa = PBXFileReference; lastKnownFileType = sourcecode.c.h; path = warpPath.h; sourceTree = "<group>"; };
		BE6783201F6A95FE005E73D0 /* searchWindow.h */ = {isa = PBXFileReference; lastKnownFileType = sourcecode.c.h; path = searchWindow.h; sourceTree = "<group>"; };
		BE6783211F6A9B9A005E73D0 /* searchWindow.cpp */ = {isa = PBXFileReference; fileEncoding = 4; lastKnownFileType = sourcecode.cpp.cpp; path = searchWindow.cpp; sourceTree = "<group>"; };
		BE6783231F6FFA5C005E73D0 /* warpPath.cpp */ = {isa = PBXFileReference; fileEncoding = 4; lastKnownFileType = sourcecode.cpp.cpp; path = warpPath.cpp; sourceTree = "<group>"; };
		BE720AEF1F615C0E00675FCA /* fastDTW.cpp */ = {isa = PBXFileReference; fileEncoding = 4; lastKnownFileType = sourcecode.cpp.cpp; path = fastDTW.cpp; sourceTree = "<group>"; };
		BE720AF01F615C0E00675FCA /* fastDTW.h */ = {isa = PBXFileReference; fileEncoding = 4; lastKnownFileType = sourcecode.c.h; path = fastDTW.h; sourceTree = "<group>"; };
		BE92865B1EF40BB4006847CF /* rapidStream.h */ = {isa = PBXFileReference; fileEncoding = 4; lastKnownFileType = sourcecode.c.h; path = rapidStream.h; sourceTree = "<group>"; };
		BE92865C1EF40BBD006847CF /* rapidStream.cpp */ = {isa = PBXFileReference; fileEncoding = 4; lastKnownFileType = sourcecode.cpp.cpp; path = rapidStream.cpp; sourceTree = "<group>"; };
/* End PBXFileReference section */

/* Begin PBXFrameworksBuildPhase section */
		BE325F2E1DB50BE100F199A8 /* Frameworks */ = {
			isa = PBXFrameworksBuildPhase;
			buildActionMask = 2147483647;
			files = (
			);
			runOnlyForDeploymentPostprocessing = 0;
		};
/* End PBXFrameworksBuildPhase section */

/* Begin PBXGroup section */
		BE325F281DB50BE100F199A8 = {
			isa = PBXGroup;
			children = (
				BE325F331DB50BE100F199A8 /* RapidAPI */,
				BE325F321DB50BE100F199A8 /* Products */,
			);
			sourceTree = "<group>";
		};
		BE325F321DB50BE100F199A8 /* Products */ = {
			isa = PBXGroup;
			children = (
				BE325F311DB50BE100F199A8 /* RapidAPI */,
			);
			name = Products;
			sourceTree = "<group>";
		};
		BE325F331DB50BE100F199A8 /* RapidAPI */ = {
			isa = PBXGroup;
			children = (
				BE59A44A1F1698E500B26E85 /* dependencies */,
				BE325F341DB50BE100F199A8 /* main.cpp */,
				BE325F3B1DB50BFE00F199A8 /* src */,
			);
			path = RapidAPI;
			sourceTree = "<group>";
		};
		BE325F3B1DB50BFE00F199A8 /* src */ = {
			isa = PBXGroup;
			children = (
				BE92865C1EF40BBD006847CF /* rapidStream.cpp */,
				BE92865B1EF40BB4006847CF /* rapidStream.h */,
				BE553E301EE06AB0004EB00F /* trainingExample.h */,
				BE553E2E1EE05FE1004EB00F /* svmClassification.cpp */,
				BE553E2D1EE05F03004EB00F /* svmClassification.h */,
				BE325F3C1DB50BFE00F199A8 /* baseModel.h */,
				BE325F3D1DB50BFE00F199A8 /* classification.cpp */,
				BE325F3E1DB50BFE00F199A8 /* classification.h */,
				BE325F401DB50BFE00F199A8 /* knnClassification.cpp */,
				BE325F411DB50BFE00F199A8 /* knnClassification.h */,
				BE325F431DB50BFE00F199A8 /* modelSet.cpp */,
				BE325F441DB50BFE00F199A8 /* modelSet.h */,
				BE325F461DB50BFE00F199A8 /* neuralNetwork.cpp */,
				BE325F471DB50BFE00F199A8 /* neuralNetwork.h */,
				BE325F4A1DB50BFE00F199A8 /* regression.cpp */,
				BE325F4B1DB50BFE00F199A8 /* regression.h */,
				BE3852861EE8415E0008E1BD /* dtw.h */,
				BE3852871EE847730008E1BD /* dtw.cpp */,
				BE3852891EE94D740008E1BD /* seriesClassification.cpp */,
				BE38528A1EE94D740008E1BD /* seriesClassification.h */,
				BE720AEF1F615C0E00675FCA /* fastDTW.cpp */,
				BE720AF01F615C0E00675FCA /* fastDTW.h */,
				BE67831F1F69672C005E73D0 /* warpPath.h */,
				BE6783231F6FFA5C005E73D0 /* warpPath.cpp */,
				BE6783201F6A95FE005E73D0 /* searchWindow.h */,
				BE6783211F6A9B9A005E73D0 /* searchWindow.cpp */,
			);
			name = src;
			path = ../../src;
			sourceTree = "<group>";
		};
		BE3C126C1FC85425009446A8 /* src */ = {
			isa = PBXGroup;
			children = (
				BE3C126D1FC85425009446A8 /* BayesianFilter.cpp */,
				BE3C126E1FC85425009446A8 /* BayesianFilter.h */,
				BE3C126F1FC85425009446A8 /* filter_utilities.cpp */,
				BE3C12701FC85425009446A8 /* filter_utilities.h */,
			);
			name = src;
			path = bayesfilter/src;
			sourceTree = "<group>";
		};
		BE59A44A1F1698E500B26E85 /* dependencies */ = {
			isa = PBXGroup;
			children = (
				BE3C126C1FC85425009446A8 /* src */,
				BE59A44B1F1698E500B26E85 /* json */,
				BE59A44E1F1698E500B26E85 /* jsoncpp.cpp */,
				BE59A44F1F1698E500B26E85 /* libsvm */,
			);
			name = dependencies;
			path = ../../dependencies;
			sourceTree = "<group>";
		};
		BE59A44B1F1698E500B26E85 /* json */ = {
			isa = PBXGroup;
			children = (
				BE59A44C1F1698E500B26E85 /* json-forwards.h */,
				BE59A44D1F1698E500B26E85 /* json.h */,
			);
			path = json;
			sourceTree = "<group>";
		};
		BE59A44F1F1698E500B26E85 /* libsvm */ = {
			isa = PBXGroup;
			children = (
				BE59A4501F1698E500B26E85 /* libsvm.cpp */,
				BE59A4511F1698E500B26E85 /* libsvm.h */,
			);
			path = libsvm;
			sourceTree = "<group>";
		};
/* End PBXGroup section */

/* Begin PBXNativeTarget section */
		BE325F301DB50BE100F199A8 /* RapidAPI */ = {
			isa = PBXNativeTarget;
			buildConfigurationList = BE325F381DB50BE100F199A8 /* Build configuration list for PBXNativeTarget "RapidAPI" */;
			buildPhases = (
				BE325F2D1DB50BE100F199A8 /* Sources */,
				BE325F2E1DB50BE100F199A8 /* Frameworks */,
				BE325F2F1DB50BE100F199A8 /* CopyFiles */,
			);
			buildRules = (
			);
			dependencies = (
			);
			name = RapidAPI;
			productName = RapidAPI;
			productReference = BE325F311DB50BE100F199A8 /* RapidAPI */;
			productType = "com.apple.product-type.tool";
		};
/* End PBXNativeTarget section */

/* Begin PBXProject section */
		BE325F291DB50BE100F199A8 /* Project object */ = {
			isa = PBXProject;
			attributes = {
				LastUpgradeCheck = 0910;
				ORGANIZATIONNAME = Goldsmiths;
				TargetAttributes = {
					BE325F301DB50BE100F199A8 = {
						CreatedOnToolsVersion = 7.3.1;
					};
				};
			};
			buildConfigurationList = BE325F2C1DB50BE100F199A8 /* Build configuration list for PBXProject "RapidAPI" */;
			compatibilityVersion = "Xcode 3.2";
			developmentRegion = English;
			hasScannedForEncodings = 0;
			knownRegions = (
				en,
			);
			mainGroup = BE325F281DB50BE100F199A8;
			productRefGroup = BE325F321DB50BE100F199A8 /* Products */;
			projectDirPath = "";
			projectRoot = "";
			targets = (
				BE325F301DB50BE100F199A8 /* RapidAPI */,
			);
		};
/* End PBXProject section */

/* Begin PBXSourcesBuildPhase section */
		BE325F2D1DB50BE100F199A8 /* Sources */ = {
			isa = PBXSourcesBuildPhase;
			buildActionMask = 2147483647;
			files = (
				BE92865D1EF40BBD006847CF /* rapidStream.cpp in Sources */,
				BE553E2F1EE05FE1004EB00F /* svmClassification.cpp in Sources */,
				BE325F351DB50BE100F199A8 /* main.cpp in Sources */,
				BEF47B181F790BC7005B0C35 /* neuralNetwork.cpp in Sources */,
				BE6783241F6FFA5C005E73D0 /* warpPath.cpp in Sources */,
				BE3C12711FC85425009446A8 /* BayesianFilter.cpp in Sources */,
				BE325F4E1DB50BFE00F199A8 /* knnClassification.cpp in Sources */,
				BE3C12721FC85425009446A8 /* filter_utilities.cpp in Sources */,
				BE59A4531F1698E500B26E85 /* libsvm.cpp in Sources */,
				BE325F4F1DB50BFE00F199A8 /* modelSet.cpp in Sources */,
				BE325F4D1DB50BFE00F199A8 /* classification.cpp in Sources */,
				BE325F511DB50BFE00F199A8 /* regression.cpp in Sources */,
				BE6783221F6A9B9A005E73D0 /* searchWindow.cpp in Sources */,
				BE59A4521F1698E500B26E85 /* jsoncpp.cpp in Sources */,
				BE38528B1EE94D740008E1BD /* seriesClassification.cpp in Sources */,
				BE3852881EE847730008E1BD /* dtw.cpp in Sources */,
				BE720AF11F615C0E00675FCA /* fastDTW.cpp in Sources */,
			);
			runOnlyForDeploymentPostprocessing = 0;
		};
/* End PBXSourcesBuildPhase section */

/* Begin XCBuildConfiguration section */
		BE325F361DB50BE100F199A8 /* Debug */ = {
			isa = XCBuildConfiguration;
			buildSettings = {
				ALWAYS_SEARCH_USER_PATHS = NO;
				CLANG_ANALYZER_NONNULL = YES;
				CLANG_CXX_LANGUAGE_STANDARD = "gnu++0x";
				CLANG_CXX_LIBRARY = "libc++";
				CLANG_ENABLE_MODULES = YES;
				CLANG_ENABLE_OBJC_ARC = YES;
				CLANG_WARN_BLOCK_CAPTURE_AUTORELEASING = YES;
				CLANG_WARN_BOOL_CONVERSION = YES;
				CLANG_WARN_COMMA = YES;
				CLANG_WARN_CONSTANT_CONVERSION = YES;
				CLANG_WARN_DIRECT_OBJC_ISA_USAGE = YES_ERROR;
				CLANG_WARN_EMPTY_BODY = YES;
				CLANG_WARN_ENUM_CONVERSION = YES;
				CLANG_WARN_INFINITE_RECURSION = YES;
				CLANG_WARN_INT_CONVERSION = YES;
				CLANG_WARN_NON_LITERAL_NULL_CONVERSION = YES;
				CLANG_WARN_OBJC_LITERAL_CONVERSION = YES;
				CLANG_WARN_OBJC_ROOT_CLASS = YES_ERROR;
				CLANG_WARN_RANGE_LOOP_ANALYSIS = YES;
				CLANG_WARN_STRICT_PROTOTYPES = YES;
				CLANG_WARN_SUSPICIOUS_MOVE = YES;
				CLANG_WARN_UNREACHABLE_CODE = YES;
				CLANG_WARN__DUPLICATE_METHOD_MATCH = YES;
				CODE_SIGN_IDENTITY = "-";
				COPY_PHASE_STRIP = NO;
				DEBUG_INFORMATION_FORMAT = dwarf;
				ENABLE_STRICT_OBJC_MSGSEND = YES;
				ENABLE_TESTABILITY = YES;
				GCC_C_LANGUAGE_STANDARD = gnu99;
				GCC_DYNAMIC_NO_PIC = NO;
				GCC_NO_COMMON_BLOCKS = YES;
				GCC_OPTIMIZATION_LEVEL = 0;
				GCC_PREPROCESSOR_DEFINITIONS = (
					"DEBUG=1",
					"$(inherited)",
				);
				GCC_WARN_64_TO_32_BIT_CONVERSION = YES;
				GCC_WARN_ABOUT_RETURN_TYPE = YES_ERROR;
				GCC_WARN_UNDECLARED_SELECTOR = YES;
				GCC_WARN_UNINITIALIZED_AUTOS = YES_AGGRESSIVE;
				GCC_WARN_UNUSED_FUNCTION = YES;
				GCC_WARN_UNUSED_VARIABLE = YES;
				MACOSX_DEPLOYMENT_TARGET = 10.11;
				MTL_ENABLE_DEBUG_INFO = YES;
				ONLY_ACTIVE_ARCH = YES;
				SDKROOT = macosx;
			};
			name = Debug;
		};
		BE325F371DB50BE100F199A8 /* Release */ = {
			isa = XCBuildConfiguration;
			buildSettings = {
				ALWAYS_SEARCH_USER_PATHS = NO;
				CLANG_ANALYZER_NONNULL = YES;
				CLANG_CXX_LANGUAGE_STANDARD = "gnu++0x";
				CLANG_CXX_LIBRARY = "libc++";
				CLANG_ENABLE_MODULES = YES;
				CLANG_ENABLE_OBJC_ARC = YES;
				CLANG_WARN_BLOCK_CAPTURE_AUTORELEASING = YES;
				CLANG_WARN_BOOL_CONVERSION = YES;
				CLANG_WARN_COMMA = YES;
				CLANG_WARN_CONSTANT_CONVERSION = YES;
				CLANG_WARN_DIRECT_OBJC_ISA_USAGE = YES_ERROR;
				CLANG_WARN_EMPTY_BODY = YES;
				CLANG_WARN_ENUM_CONVERSION = YES;
				CLANG_WARN_INFINITE_RECURSION = YES;
				CLANG_WARN_INT_CONVERSION = YES;
				CLANG_WARN_NON_LITERAL_NULL_CONVERSION = YES;
				CLANG_WARN_OBJC_LITERAL_CONVERSION = YES;
				CLANG_WARN_OBJC_ROOT_CLASS = YES_ERROR;
				CLANG_WARN_RANGE_LOOP_ANALYSIS = YES;
				CLANG_WARN_STRICT_PROTOTYPES = YES;
				CLANG_WARN_SUSPICIOUS_MOVE = YES;
				CLANG_WARN_UNREACHABLE_CODE = YES;
				CLANG_WARN__DUPLICATE_METHOD_MATCH = YES;
				CODE_SIGN_IDENTITY = "-";
				COPY_PHASE_STRIP = NO;
				DEBUG_INFORMATION_FORMAT = "dwarf-with-dsym";
				ENABLE_NS_ASSERTIONS = NO;
				ENABLE_STRICT_OBJC_MSGSEND = YES;
				GCC_C_LANGUAGE_STANDARD = gnu99;
				GCC_NO_COMMON_BLOCKS = YES;
				GCC_WARN_64_TO_32_BIT_CONVERSION = YES;
				GCC_WARN_ABOUT_RETURN_TYPE = YES_ERROR;
				GCC_WARN_UNDECLARED_SELECTOR = YES;
				GCC_WARN_UNINITIALIZED_AUTOS = YES_AGGRESSIVE;
				GCC_WARN_UNUSED_FUNCTION = YES;
				GCC_WARN_UNUSED_VARIABLE = YES;
				MACOSX_DEPLOYMENT_TARGET = 10.11;
				MTL_ENABLE_DEBUG_INFO = NO;
				SDKROOT = macosx;
			};
			name = Release;
		};
		BE325F391DB50BE100F199A8 /* Debug */ = {
			isa = XCBuildConfiguration;
			buildSettings = {
				PRODUCT_NAME = "$(TARGET_NAME)";
			};
			name = Debug;
		};
		BE325F3A1DB50BE100F199A8 /* Release */ = {
			isa = XCBuildConfiguration;
			buildSettings = {
				PRODUCT_NAME = "$(TARGET_NAME)";
			};
			name = Release;
		};
/* End XCBuildConfiguration section */

/* Begin XCConfigurationList section */
		BE325F2C1DB50BE100F199A8 /* Build configuration list for PBXProject "RapidAPI" */ = {
			isa = XCConfigurationList;
			buildConfigurations = (
				BE325F361DB50BE100F199A8 /* Debug */,
				BE325F371DB50BE100F199A8 /* Release */,
			);
			defaultConfigurationIsVisible = 0;
			defaultConfigurationName = Release;
		};
		BE325F381DB50BE100F199A8 /* Build configuration list for PBXNativeTarget "RapidAPI" */ = {
			isa = XCConfigurationList;
			buildConfigurations = (
				BE325F391DB50BE100F199A8 /* Debug */,
				BE325F3A1DB50BE100F199A8 /* Release */,
			);
			defaultConfigurationIsVisible = 0;
			defaultConfigurationName = Release;
		};
/* End XCConfigurationList section */
	};
	rootObject = BE325F291DB50BE100F199A8 /* Project object */;
}
